containerd.io_1.7.22-1_amd64.deb
docker-buildx-plugin_0.17.1-1_ubuntu.24.04_noble_amd64.deb
docker-ce_5_27.3.1-1_ubuntu.24.04_noble_amd64.deb
docker-ce-cli_5_27.3.1-1_ubuntu.24.04_noble_amd64.deb
docker-compose-plugin_2.29.7-1_ubuntu.24.04_noble_amd64.deb
gcc-14-base_14.2.0-4ubuntu2_24.04_amd64.deb
iptables_1.8.10-3ubuntu2_amd64.deb
libc6_2.39-0ubuntu8.3_amd64.deb
libcap2_1_2.66-5ubuntu2_amd64.deb
libgcc-s1_14.2.0-4ubuntu2_24.04_amd64.deb
libgcrypt20_1.10.3-2build1_amd64.deb
libgpg-error0_1.47-3build2_amd64.deb
libip4tc2_1.8.10-3ubuntu2_amd64.deb
libip6tc2_1.8.10-3ubuntu2_amd64.deb
liblz4-1_1.9.4-1build1.1_amd64.deb
liblzma5_5.6.1+really5.4.5-1build0.1_amd64.deb
libmnl0_1.0.5-2build1_amd64.deb
libnetfilter-conntrack3_1.0.9-6build1_amd64.deb
libnfnetlink0_1.0.2-2build1_amd64.deb
libnftnl11_1.2.6-2build1_amd64.deb
libseccomp2_2.5.5-1ubuntu3.1_amd64.deb
libsystemd0_255.4-1ubuntu8.4_amd64.deb
libxtables12_1.8.10-3ubuntu2_amd64.deb
libzstd1_1.5.5+dfsg2-2build1.1_amd64.deb
netbase_6.4_all.deb